
Microsoft Visual Studio Solution File, Format Version 12.00
# Visual Studio Version 17
VisualStudioVersion = 17.12.35323.107
MinimumVisualStudioVersion = 10.0.40219.1
Project("{FAE04EC0-301F-11D3-BF4B-00C04F79EFBC}") = "TurlingBinary", "TurlingBinary\TurlingBinary.csproj", "{AF573417-D087-4D2C-AB63-96D5F4680C7C}"
EndProject
Project("{2150E333-8FDC-42A3-9474-1A3956D46DE8}") = "TurlingBinary__Winform", "TurlingBinary__Winform", "{47AD1FEE-DF37-4ED6-BC2D-12120A97B785}"
EndProject
Project("{FAE04EC0-301F-11D3-BF4B-00C04F79EFBC}") = "多线程UI刷新", "多线程UI刷新\多线程UI刷新.csproj", "{81B73A79-4976-4380-B1D2-216F596D1EBC}"
EndProject
Project("{2150E333-8FDC-42A3-9474-1A3956D46DE8}") = "TurlingBinary__WPF", "TurlingBinary__WPF", "{6AC96F03-D6D1-4109-808D-41A9C272321B}"
EndProject
Project("{FAE04EC0-301F-11D3-BF4B-00C04F79EFBC}") = "WPF基础", "WPF基础\WPF基础.csproj", "{6C029C7C-BA85-4F79-A3E0-995452066AFE}"
EndProject
Global
	GlobalSection(SolutionConfigurationPlatforms) = preSolution
		Debug|Any CPU = Debug|Any CPU
		Release|Any CPU = Release|Any CPU
	EndGlobalSection
	GlobalSection(ProjectConfigurationPlatforms) = postSolution
		{AF573417-D087-4D2C-AB63-96D5F4680C7C}.Debug|Any CPU.ActiveCfg = Debug|Any CPU
		{AF573417-D087-4D2C-AB63-96D5F4680C7C}.Debug|Any CPU.Build.0 = Debug|Any CPU
		{AF573417-D087-4D2C-AB63-96D5F4680C7C}.Release|Any CPU.ActiveCfg = Release|Any CPU
		{AF573417-D087-4D2C-AB63-96D5F4680C7C}.Release|Any CPU.Build.0 = Release|Any CPU
		{81B73A79-4976-4380-B1D2-216F596D1EBC}.Debug|Any CPU.ActiveCfg = Debug|Any CPU
		{81B73A79-4976-4380-B1D2-216F596D1EBC}.Debug|Any CPU.Build.0 = Debug|Any CPU
		{81B73A79-4976-4380-B1D2-216F596D1EBC}.Release|Any CPU.ActiveCfg = Release|Any CPU
		{81B73A79-4976-4380-B1D2-216F596D1EBC}.Release|Any CPU.Build.0 = Release|Any CPU
		{6C029C7C-BA85-4F79-A3E0-995452066AFE}.Debug|Any CPU.ActiveCfg = Debug|Any CPU
		{6C029C7C-BA85-4F79-A3E0-995452066AFE}.Debug|Any CPU.Build.0 = Debug|Any CPU
		{6C029C7C-BA85-4F79-A3E0-995452066AFE}.Release|Any CPU.ActiveCfg = Release|Any CPU
		{6C029C7C-BA85-4F79-A3E0-995452066AFE}.Release|Any CPU.Build.0 = Release|Any CPU
	EndGlobalSection
	GlobalSection(SolutionProperties) = preSolution
		HideSolutionNode = FALSE
	EndGlobalSection
	GlobalSection(NestedProjects) = preSolution
		{81B73A79-4976-4380-B1D2-216F596D1EBC} = {47AD1FEE-DF37-4ED6-BC2D-12120A97B785}
		{6C029C7C-BA85-4F79-A3E0-995452066AFE} = {6AC96F03-D6D1-4109-808D-41A9C272321B}
	EndGlobalSection
	GlobalSection(ExtensibilityGlobals) = postSolution
		SolutionGuid = {A565AA27-73D2-4847-A147-9D4BEBDB8769}
	EndGlobalSection
EndGlobal
