
Microsoft Visual Studio Solution File, Format Version 12.00
# Visual Studio Version 17
VisualStudioVersion = 17.12.35323.107
MinimumVisualStudioVersion = 10.0.40219.1
Project("{FAE04EC0-301F-11D3-BF4B-00C04F79EFBC}") = "TuringBinary", "TurlingBinary\TuringBinary.csproj", "{AF573417-D087-4D2C-AB63-96D5F4680C7C}"
EndProject
Project("{2150E333-8FDC-42A3-9474-1A3956D46DE8}") = "TuringBinary__WPF", "TuringBinary__WPF", "{6AC96F03-D6D1-4109-808D-41A9C272321B}"
EndProject
Project("{FAE04EC0-301F-11D3-BF4B-00C04F79EFBC}") = "WPF__控件实战", "WPF__控件实战\WPF__控件实战.csproj", "{92BCF6A0-166C-4CC7-9D29-8EE657CC7D71}"
EndProject
Project("{FAE04EC0-301F-11D3-BF4B-00C04F79EFBC}") = "WPF__样式资源控件模板", "WPF__样式资源控件模板\WPF__样式资源控件模板.csproj", "{180B5A12-607E-45AC-A373-5B7845A7C1DD}"
EndProject
Project("{FAE04EC0-301F-11D3-BF4B-00C04F79EFBC}") = "WPF__数据绑定", "WPF__数据绑定\WPF__数据绑定.csproj", "{EBD93BC6-8B85-41B0-98DB-92DC099C55A0}"
EndProject
Project("{FAE04EC0-301F-11D3-BF4B-00C04F79EFBC}") = "WPF__数据校验与转换", "WPF__数据转换\WPF__数据校验与转换.csproj", "{01A62207-11E3-42D8-A927-429632C8B50E}"
EndProject
Project("{2150E333-8FDC-42A3-9474-1A3956D46DE8}") = "TuringBinary__CSharp", "TuringBinary__CSharp", "{B7543794-2567-42DC-9632-B8462117D30B}"
EndProject
Project("{FAE04EC0-301F-11D3-BF4B-00C04F79EFBC}") = "00__单例模式", "00__单例模式\00__单例模式.csproj", "{A691959B-22FC-48E4-8CE5-AD86DDE0DD2C}"
EndProject
Project("{FAE04EC0-301F-11D3-BF4B-00C04F79EFBC}") = "WPF__事件和路由事件", "WPF__事件和路由事件\WPF__事件和路由事件.csproj", "{32609D0D-3142-4A53-9BF2-7D89A606E5AD}"
EndProject
Project("{FAE04EC0-301F-11D3-BF4B-00C04F79EFBC}") = "WPF__命令", "WPF__命令\WPF__命令.csproj", "{173A57C5-0836-45D8-BDF5-A7769867B2FC}"
EndProject
Project("{FAE04EC0-301F-11D3-BF4B-00C04F79EFBC}") = "WPF__样式模板深入", "WPF__样式模板深入\WPF__样式模板深入.csproj", "{4C98247C-0F19-40BE-876D-627252DDB245}"
EndProject
Project("{FAE04EC0-301F-11D3-BF4B-00C04F79EFBC}") = "WPF__基本绘图与动画", "WPF__基本绘图与动画\WPF__基本绘图与动画.csproj", "{A48BD700-DCCB-4431-9A37-AFA3E345F63E}"
EndProject
Project("{2150E333-8FDC-42A3-9474-1A3956D46DE8}") = "TeringBinary_WebApi", "TeringBinary_WebApi", "{A9B7668F-1D94-4C41-A1EB-83EEAC638205}"
EndProject
Project("{2150E333-8FDC-42A3-9474-1A3956D46DE8}") = "TuringBinary__CommunityToolkit.MVVM", "TuringBinary__CommunityToolkit.MVVM", "{372124A1-C0F2-4737-A7E1-521281BD77B9}"
EndProject
Project("{FAE04EC0-301F-11D3-BF4B-00C04F79EFBC}") = "CommunityToolkit__Mvvm_Demo", "CommunityToolkit__Mvvm_Demo\CommunityToolkit__Mvvm_Demo.csproj", "{B59DBB55-E6CE-4225-9423-5A0641324A99}"
EndProject
Global
	GlobalSection(SolutionConfigurationPlatforms) = preSolution
		Debug|Any CPU = Debug|Any CPU
		Release|Any CPU = Release|Any CPU
	EndGlobalSection
	GlobalSection(ProjectConfigurationPlatforms) = postSolution
		{AF573417-D087-4D2C-AB63-96D5F4680C7C}.Debug|Any CPU.ActiveCfg = Debug|Any CPU
		{AF573417-D087-4D2C-AB63-96D5F4680C7C}.Debug|Any CPU.Build.0 = Debug|Any CPU
		{AF573417-D087-4D2C-AB63-96D5F4680C7C}.Release|Any CPU.ActiveCfg = Release|Any CPU
		{AF573417-D087-4D2C-AB63-96D5F4680C7C}.Release|Any CPU.Build.0 = Release|Any CPU
		{92BCF6A0-166C-4CC7-9D29-8EE657CC7D71}.Debug|Any CPU.ActiveCfg = Debug|Any CPU
		{92BCF6A0-166C-4CC7-9D29-8EE657CC7D71}.Debug|Any CPU.Build.0 = Debug|Any CPU
		{92BCF6A0-166C-4CC7-9D29-8EE657CC7D71}.Release|Any CPU.ActiveCfg = Release|Any CPU
		{92BCF6A0-166C-4CC7-9D29-8EE657CC7D71}.Release|Any CPU.Build.0 = Release|Any CPU
		{180B5A12-607E-45AC-A373-5B7845A7C1DD}.Debug|Any CPU.ActiveCfg = Debug|Any CPU
		{180B5A12-607E-45AC-A373-5B7845A7C1DD}.Debug|Any CPU.Build.0 = Debug|Any CPU
		{180B5A12-607E-45AC-A373-5B7845A7C1DD}.Release|Any CPU.ActiveCfg = Release|Any CPU
		{180B5A12-607E-45AC-A373-5B7845A7C1DD}.Release|Any CPU.Build.0 = Release|Any CPU
		{EBD93BC6-8B85-41B0-98DB-92DC099C55A0}.Debug|Any CPU.ActiveCfg = Debug|Any CPU
		{EBD93BC6-8B85-41B0-98DB-92DC099C55A0}.Debug|Any CPU.Build.0 = Debug|Any CPU
		{EBD93BC6-8B85-41B0-98DB-92DC099C55A0}.Release|Any CPU.ActiveCfg = Release|Any CPU
		{EBD93BC6-8B85-41B0-98DB-92DC099C55A0}.Release|Any CPU.Build.0 = Release|Any CPU
		{01A62207-11E3-42D8-A927-429632C8B50E}.Debug|Any CPU.ActiveCfg = Debug|Any CPU
		{01A62207-11E3-42D8-A927-429632C8B50E}.Debug|Any CPU.Build.0 = Debug|Any CPU
		{01A62207-11E3-42D8-A927-429632C8B50E}.Release|Any CPU.ActiveCfg = Release|Any CPU
		{01A62207-11E3-42D8-A927-429632C8B50E}.Release|Any CPU.Build.0 = Release|Any CPU
		{A691959B-22FC-48E4-8CE5-AD86DDE0DD2C}.Debug|Any CPU.ActiveCfg = Debug|Any CPU
		{A691959B-22FC-48E4-8CE5-AD86DDE0DD2C}.Debug|Any CPU.Build.0 = Debug|Any CPU
		{A691959B-22FC-48E4-8CE5-AD86DDE0DD2C}.Release|Any CPU.ActiveCfg = Release|Any CPU
		{A691959B-22FC-48E4-8CE5-AD86DDE0DD2C}.Release|Any CPU.Build.0 = Release|Any CPU
		{32609D0D-3142-4A53-9BF2-7D89A606E5AD}.Debug|Any CPU.ActiveCfg = Debug|Any CPU
		{32609D0D-3142-4A53-9BF2-7D89A606E5AD}.Debug|Any CPU.Build.0 = Debug|Any CPU
		{32609D0D-3142-4A53-9BF2-7D89A606E5AD}.Release|Any CPU.ActiveCfg = Release|Any CPU
		{32609D0D-3142-4A53-9BF2-7D89A606E5AD}.Release|Any CPU.Build.0 = Release|Any CPU
		{173A57C5-0836-45D8-BDF5-A7769867B2FC}.Debug|Any CPU.ActiveCfg = Debug|Any CPU
		{173A57C5-0836-45D8-BDF5-A7769867B2FC}.Debug|Any CPU.Build.0 = Debug|Any CPU
		{173A57C5-0836-45D8-BDF5-A7769867B2FC}.Release|Any CPU.ActiveCfg = Release|Any CPU
		{173A57C5-0836-45D8-BDF5-A7769867B2FC}.Release|Any CPU.Build.0 = Release|Any CPU
		{4C98247C-0F19-40BE-876D-627252DDB245}.Debug|Any CPU.ActiveCfg = Debug|Any CPU
		{4C98247C-0F19-40BE-876D-627252DDB245}.Debug|Any CPU.Build.0 = Debug|Any CPU
		{4C98247C-0F19-40BE-876D-627252DDB245}.Release|Any CPU.ActiveCfg = Release|Any CPU
		{4C98247C-0F19-40BE-876D-627252DDB245}.Release|Any CPU.Build.0 = Release|Any CPU
		{A48BD700-DCCB-4431-9A37-AFA3E345F63E}.Debug|Any CPU.ActiveCfg = Debug|Any CPU
		{A48BD700-DCCB-4431-9A37-AFA3E345F63E}.Debug|Any CPU.Build.0 = Debug|Any CPU
		{A48BD700-DCCB-4431-9A37-AFA3E345F63E}.Release|Any CPU.ActiveCfg = Release|Any CPU
		{A48BD700-DCCB-4431-9A37-AFA3E345F63E}.Release|Any CPU.Build.0 = Release|Any CPU
		{B59DBB55-E6CE-4225-9423-5A0641324A99}.Debug|Any CPU.ActiveCfg = Debug|Any CPU
		{B59DBB55-E6CE-4225-9423-5A0641324A99}.Debug|Any CPU.Build.0 = Debug|Any CPU
		{B59DBB55-E6CE-4225-9423-5A0641324A99}.Release|Any CPU.ActiveCfg = Release|Any CPU
		{B59DBB55-E6CE-4225-9423-5A0641324A99}.Release|Any CPU.Build.0 = Release|Any CPU
	EndGlobalSection
	GlobalSection(SolutionProperties) = preSolution
		HideSolutionNode = FALSE
	EndGlobalSection
	GlobalSection(NestedProjects) = preSolution
		{92BCF6A0-166C-4CC7-9D29-8EE657CC7D71} = {6AC96F03-D6D1-4109-808D-41A9C272321B}
		{180B5A12-607E-45AC-A373-5B7845A7C1DD} = {6AC96F03-D6D1-4109-808D-41A9C272321B}
		{EBD93BC6-8B85-41B0-98DB-92DC099C55A0} = {6AC96F03-D6D1-4109-808D-41A9C272321B}
		{01A62207-11E3-42D8-A927-429632C8B50E} = {6AC96F03-D6D1-4109-808D-41A9C272321B}
		{A691959B-22FC-48E4-8CE5-AD86DDE0DD2C} = {B7543794-2567-42DC-9632-B8462117D30B}
		{32609D0D-3142-4A53-9BF2-7D89A606E5AD} = {6AC96F03-D6D1-4109-808D-41A9C272321B}
		{173A57C5-0836-45D8-BDF5-A7769867B2FC} = {6AC96F03-D6D1-4109-808D-41A9C272321B}
		{4C98247C-0F19-40BE-876D-627252DDB245} = {6AC96F03-D6D1-4109-808D-41A9C272321B}
		{A48BD700-DCCB-4431-9A37-AFA3E345F63E} = {6AC96F03-D6D1-4109-808D-41A9C272321B}
		{B59DBB55-E6CE-4225-9423-5A0641324A99} = {372124A1-C0F2-4737-A7E1-521281BD77B9}
	EndGlobalSection
	GlobalSection(ExtensibilityGlobals) = postSolution
		SolutionGuid = {A565AA27-73D2-4847-A147-9D4BEBDB8769}
	EndGlobalSection
EndGlobal
